
Microsoft Visual Studio Solution File, Format Version 12.00
# Visual Studio Version 17
VisualStudioVersion = 17.7.34031.279
MinimumVisualStudioVersion = 10.0.40219.1
Project("{9A19103F-16F7-4668-BE54-9A1E7A4F7556}") = "28_NguyenQuangVinh_ShopPizza", "28_NguyenQuangVinh_ShopPizza\28_NguyenQuangVinh_ShopPizza.csproj", "{02FCE61C-4BDE-46FA-8FD0-D26E915D30CC}"
EndProject
Global
	GlobalSection(SolutionConfigurationPlatforms) = preSolution
		Debug|Any CPU = Debug|Any CPU
		Release|Any CPU = Release|Any CPU
	EndGlobalSection
	GlobalSection(ProjectConfigurationPlatforms) = postSolution
		{02FCE61C-4BDE-46FA-8FD0-D26E915D30CC}.Debug|Any CPU.ActiveCfg = Debug|Any CPU
		{02FCE61C-4BDE-46FA-8FD0-D26E915D30CC}.Debug|Any CPU.Build.0 = Debug|Any CPU
		{02FCE61C-4BDE-46FA-8FD0-D26E915D30CC}.Release|Any CPU.ActiveCfg = Release|Any CPU
		{02FCE61C-4BDE-46FA-8FD0-D26E915D30CC}.Release|Any CPU.Build.0 = Release|Any CPU
	EndGlobalSection
	GlobalSection(SolutionProperties) = preSolution
		HideSolutionNode = FALSE
	EndGlobalSection
	GlobalSection(ExtensibilityGlobals) = postSolution
		SolutionGuid = {2D3CF532-9EBB-4266-8B3C-4550BF170AB3}
	EndGlobalSection
EndGlobal
